
Microsoft Visual Studio Solution File, Format Version 12.00
# Visual Studio Version 17
VisualStudioVersion = 17.7.34031.279
MinimumVisualStudioVersion = 10.0.40219.1
Project("{FAE04EC0-301F-11D3-BF4B-00C04F79EFBC}") = "WasteManagementAPI", "WasteManagementAPI\WasteManagementAPI.csproj", "{63E960FE-3070-4759-8FA2-F9076740D2C1}"
EndProject
Global
	GlobalSection(SolutionConfigurationPlatforms) = preSolution
		Debug|Any CPU = Debug|Any CPU
		Release|Any CPU = Release|Any CPU
	EndGlobalSection
	GlobalSection(ProjectConfigurationPlatforms) = postSolution
		{63E960FE-3070-4759-8FA2-F9076740D2C1}.Debug|Any CPU.ActiveCfg = Debug|Any CPU
		{63E960FE-3070-4759-8FA2-F9076740D2C1}.Debug|Any CPU.Build.0 = Debug|Any CPU
		{63E960FE-3070-4759-8FA2-F9076740D2C1}.Release|Any CPU.ActiveCfg = Release|Any CPU
		{63E960FE-3070-4759-8FA2-F9076740D2C1}.Release|Any CPU.Build.0 = Release|Any CPU
	EndGlobalSection
	GlobalSection(SolutionProperties) = preSolution
		HideSolutionNode = FALSE
	EndGlobalSection
	GlobalSection(ExtensibilityGlobals) = postSolution
		SolutionGuid = {0B0F2B84-0CC5-436C-9193-FA4C1709BCC1}
	EndGlobalSection
EndGlobal
